
Microsoft Visual Studio Solution File, Format Version 12.00
# Visual Studio Version 17
VisualStudioVersion = 17.0.32014.148
MinimumVisualStudioVersion = 10.0.40219.1
Project("{888888A0-9F3D-457C-B088-3A5042F75D52}") = "MyPythonLearning1", "MyPythonLearning1.pyproj", "{6147B62B-F149-4541-BD2F-BCF884C788F4}"
EndProject
Global
	GlobalSection(SolutionConfigurationPlatforms) = preSolution
		Debug|Any CPU = Debug|Any CPU
		Release|Any CPU = Release|Any CPU
	EndGlobalSection
	GlobalSection(ProjectConfigurationPlatforms) = postSolution
		{6147B62B-F149-4541-BD2F-BCF884C788F4}.Debug|Any CPU.ActiveCfg = Debug|Any CPU
		{6147B62B-F149-4541-BD2F-BCF884C788F4}.Release|Any CPU.ActiveCfg = Release|Any CPU
	EndGlobalSection
	GlobalSection(SolutionProperties) = preSolution
		HideSolutionNode = FALSE
	EndGlobalSection
	GlobalSection(ExtensibilityGlobals) = postSolution
		SolutionGuid = {AC24F2A7-EB8B-4765-9A8B-4953B19254A0}
	EndGlobalSection
EndGlobal
